
Microsoft Visual Studio Solution File, Format Version 12.00
# Visual Studio Version 17
VisualStudioVersion = 17.0.31903.59
MinimumVisualStudioVersion = 10.0.40219.1
Project("{FAE04EC0-301F-11D3-BF4B-00C04F79EFBC}") = "FirstBlazor", "FirstBlazor\FirstBlazor.csproj", "{4BDAD9CC-EAF4-40CA-B3B6-552E5971392D}"
EndProject
Project("{FAE04EC0-301F-11D3-BF4B-00C04F79EFBC}") = "ToDoList", "ToDoList\ToDoList.csproj", "{B2D3A0E2-9A93-4803-8EA1-F121B817B718}"
EndProject
Project("{FAE04EC0-301F-11D3-BF4B-00C04F79EFBC}") = "BlazingPizzaSite", "BlazingPizzaSite\BlazingPizzaSite.csproj", "{6CB78B10-46BE-4981-BDCE-B0DB439A254D}"
EndProject
Global
	GlobalSection(SolutionConfigurationPlatforms) = preSolution
		Debug|Any CPU = Debug|Any CPU
		Debug|x64 = Debug|x64
		Debug|x86 = Debug|x86
		Release|Any CPU = Release|Any CPU
		Release|x64 = Release|x64
		Release|x86 = Release|x86
	EndGlobalSection
	GlobalSection(ProjectConfigurationPlatforms) = postSolution
		{4BDAD9CC-EAF4-40CA-B3B6-552E5971392D}.Debug|Any CPU.ActiveCfg = Debug|Any CPU
		{4BDAD9CC-EAF4-40CA-B3B6-552E5971392D}.Debug|Any CPU.Build.0 = Debug|Any CPU
		{4BDAD9CC-EAF4-40CA-B3B6-552E5971392D}.Debug|x64.ActiveCfg = Debug|Any CPU
		{4BDAD9CC-EAF4-40CA-B3B6-552E5971392D}.Debug|x64.Build.0 = Debug|Any CPU
		{4BDAD9CC-EAF4-40CA-B3B6-552E5971392D}.Debug|x86.ActiveCfg = Debug|Any CPU
		{4BDAD9CC-EAF4-40CA-B3B6-552E5971392D}.Debug|x86.Build.0 = Debug|Any CPU
		{4BDAD9CC-EAF4-40CA-B3B6-552E5971392D}.Release|Any CPU.ActiveCfg = Release|Any CPU
		{4BDAD9CC-EAF4-40CA-B3B6-552E5971392D}.Release|Any CPU.Build.0 = Release|Any CPU
		{4BDAD9CC-EAF4-40CA-B3B6-552E5971392D}.Release|x64.ActiveCfg = Release|Any CPU
		{4BDAD9CC-EAF4-40CA-B3B6-552E5971392D}.Release|x64.Build.0 = Release|Any CPU
		{4BDAD9CC-EAF4-40CA-B3B6-552E5971392D}.Release|x86.ActiveCfg = Release|Any CPU
		{4BDAD9CC-EAF4-40CA-B3B6-552E5971392D}.Release|x86.Build.0 = Release|Any CPU
		{B2D3A0E2-9A93-4803-8EA1-F121B817B718}.Debug|Any CPU.ActiveCfg = Debug|Any CPU
		{B2D3A0E2-9A93-4803-8EA1-F121B817B718}.Debug|Any CPU.Build.0 = Debug|Any CPU
		{B2D3A0E2-9A93-4803-8EA1-F121B817B718}.Debug|x64.ActiveCfg = Debug|Any CPU
		{B2D3A0E2-9A93-4803-8EA1-F121B817B718}.Debug|x64.Build.0 = Debug|Any CPU
		{B2D3A0E2-9A93-4803-8EA1-F121B817B718}.Debug|x86.ActiveCfg = Debug|Any CPU
		{B2D3A0E2-9A93-4803-8EA1-F121B817B718}.Debug|x86.Build.0 = Debug|Any CPU
		{B2D3A0E2-9A93-4803-8EA1-F121B817B718}.Release|Any CPU.ActiveCfg = Release|Any CPU
		{B2D3A0E2-9A93-4803-8EA1-F121B817B718}.Release|Any CPU.Build.0 = Release|Any CPU
		{B2D3A0E2-9A93-4803-8EA1-F121B817B718}.Release|x64.ActiveCfg = Release|Any CPU
		{B2D3A0E2-9A93-4803-8EA1-F121B817B718}.Release|x64.Build.0 = Release|Any CPU
		{B2D3A0E2-9A93-4803-8EA1-F121B817B718}.Release|x86.ActiveCfg = Release|Any CPU
		{B2D3A0E2-9A93-4803-8EA1-F121B817B718}.Release|x86.Build.0 = Release|Any CPU
		{6CB78B10-46BE-4981-BDCE-B0DB439A254D}.Debug|Any CPU.ActiveCfg = Debug|Any CPU
		{6CB78B10-46BE-4981-BDCE-B0DB439A254D}.Debug|Any CPU.Build.0 = Debug|Any CPU
		{6CB78B10-46BE-4981-BDCE-B0DB439A254D}.Debug|x64.ActiveCfg = Debug|Any CPU
		{6CB78B10-46BE-4981-BDCE-B0DB439A254D}.Debug|x64.Build.0 = Debug|Any CPU
		{6CB78B10-46BE-4981-BDCE-B0DB439A254D}.Debug|x86.ActiveCfg = Debug|Any CPU
		{6CB78B10-46BE-4981-BDCE-B0DB439A254D}.Debug|x86.Build.0 = Debug|Any CPU
		{6CB78B10-46BE-4981-BDCE-B0DB439A254D}.Release|Any CPU.ActiveCfg = Release|Any CPU
		{6CB78B10-46BE-4981-BDCE-B0DB439A254D}.Release|Any CPU.Build.0 = Release|Any CPU
		{6CB78B10-46BE-4981-BDCE-B0DB439A254D}.Release|x64.ActiveCfg = Release|Any CPU
		{6CB78B10-46BE-4981-BDCE-B0DB439A254D}.Release|x64.Build.0 = Release|Any CPU
		{6CB78B10-46BE-4981-BDCE-B0DB439A254D}.Release|x86.ActiveCfg = Release|Any CPU
		{6CB78B10-46BE-4981-BDCE-B0DB439A254D}.Release|x86.Build.0 = Release|Any CPU
	EndGlobalSection
	GlobalSection(SolutionProperties) = preSolution
		HideSolutionNode = FALSE
	EndGlobalSection
EndGlobal
